
Microsoft Visual Studio Solution File, Format Version 12.00
# Visual Studio 15
VisualStudioVersion = 15.0.28010.2041
MinimumVisualStudioVersion = 10.0.40219.1
Project("{FAE04EC0-301F-11D3-BF4B-00C04F79EFBC}") = "ExercicioFixacao", "ExercicioFixacao\ExercicioFixacao.csproj", "{BE84F5D9-F2B7-4F59-BBCB-9D4E1DDE1FA1}"
EndProject
Global
	GlobalSection(SolutionConfigurationPlatforms) = preSolution
		Debug|Any CPU = Debug|Any CPU
		Release|Any CPU = Release|Any CPU
	EndGlobalSection
	GlobalSection(ProjectConfigurationPlatforms) = postSolution
		{BE84F5D9-F2B7-4F59-BBCB-9D4E1DDE1FA1}.Debug|Any CPU.ActiveCfg = Debug|Any CPU
		{BE84F5D9-F2B7-4F59-BBCB-9D4E1DDE1FA1}.Debug|Any CPU.Build.0 = Debug|Any CPU
		{BE84F5D9-F2B7-4F59-BBCB-9D4E1DDE1FA1}.Release|Any CPU.ActiveCfg = Release|Any CPU
		{BE84F5D9-F2B7-4F59-BBCB-9D4E1DDE1FA1}.Release|Any CPU.Build.0 = Release|Any CPU
	EndGlobalSection
	GlobalSection(SolutionProperties) = preSolution
		HideSolutionNode = FALSE
	EndGlobalSection
	GlobalSection(ExtensibilityGlobals) = postSolution
		SolutionGuid = {7F5E2488-BE75-40AF-9630-EB4606433FFA}
	EndGlobalSection
EndGlobal
